// !$*UTF8*$!
{
	archiveVersion = 1;
	classes = {
	};
	objectVersion = 46;
	objects = {

/* Begin PBXBuildFile section */
		D3CE16D51DCDA15A00324C67 /* AppDelegate.swift in Sources */ = {isa = PBXBuildFile; fileRef = D3CE16D41DCDA15A00324C67 /* AppDelegate.swift */; };
		D3CE16D71DCDA15A00324C67 /* ViewController.swift in Sources */ = {isa = PBXBuildFile; fileRef = D3CE16D61DCDA15A00324C67 /* ViewController.swift */; };
		D3CE16DA1DCDA15A00324C67 /* Main.storyboard in Resources */ = {isa = PBXBuildFile; fileRef = D3CE16D81DCDA15A00324C67 /* Main.storyboard */; };
		D3CE16DC1DCDA15A00324C67 /* Assets.xcassets in Resources */ = {isa = PBXBuildFile; fileRef = D3CE16DB1DCDA15A00324C67 /* Assets.xcassets */; };
		D3CE16DF1DCDA15A00324C67 /* LaunchScreen.storyboard in Resources */ = {isa = PBXBuildFile; fileRef = D3CE16DD1DCDA15A00324C67 /* LaunchScreen.storyboard */; };
/* End PBXBuildFile section */

/* Begin PBXFileReference section */
		D3CE16D11DCDA15A00324C67 /* SwiftCustomSegues.app */ = {isa = PBXFileReference; explicitFileType = wrapper.application; includeInIndex = 0; path = SwiftCustomSegues.app; sourceTree = BUILT_PRODUCTS_DIR; };
		D3CE16D41DCDA15A00324C67 /* AppDelegate.swift */ = {isa = PBXFileReference; lastKnownFileType = sourcecode.swift; path = AppDelegate.swift; sourceTree = "<group>"; };
		D3CE16D61DCDA15A00324C67 /* ViewController.swift */ = {isa = PBXFileReference; lastKnownFileType = sourcecode.swift; path = ViewController.swift; sourceTree = "<group>"; };
		D3CE16D91DCDA15A00324C67 /* Base */ = {isa = PBXFileReference; lastKnownFileType = file.storyboard; name = Base; path = Base.lproj/Main.storyboard; sourceTree = "<group>"; };
		D3CE16DB1DCDA15A00324C67 /* Assets.xcassets */ = {isa = PBXFileReference; lastKnownFileType = folder.assetcatalog; path = Assets.xcassets; sourceTree = "<group>"; };
		D3CE16DE1DCDA15A00324C67 /* Base */ = {isa = PBXFileReference; lastKnownFileType = file.storyboard; name = Base; path = Base.lproj/LaunchScreen.storyboard; sourceTree = "<group>"; };
		D3CE16E01DCDA15A00324C67 /* Info.plist */ = {isa = PBXFileReference; lastKnownFileType = text.plist.xml; path = Info.plist; sourceTree = "<group>"; };
/* End PBXFileReference section */

/* Begin PBXFrameworksBuildPhase section */
		D3CE16CE1DCDA15A00324C67 /* Frameworks */ = {
			isa = PBXFrameworksBuildPhase;
			buildActionMask = 2147483647;
			files = (
			);
			runOnlyForDeploymentPostprocessing = 0;
		};
/* End PBXFrameworksBuildPhase section */

/* Begin PBXGroup section */
		D3CE16C81DCDA15A00324C67 = {
			isa = PBXGroup;
			children = (
				D3CE16D31DCDA15A00324C67 /* SwiftCustomSegues */,
				D3CE16D21DCDA15A00324C67 /* Products */,
			);
			sourceTree = "<group>";
		};
		D3CE16D21DCDA15A00324C67 /* Products */ = {
			isa = PBXGroup;
			children = (
				D3CE16D11DCDA15A00324C67 /* SwiftCustomSegues.app */,
			);
			name = Products;
			sourceTree = "<group>";
		};
		D3CE16D31DCDA15A00324C67 /* SwiftCustomSegues */ = {
			isa = PBXGroup;
			children = (
				D3CE16D41DCDA15A00324C67 /* AppDelegate.swift */,
				D3CE16D61DCDA15A00324C67 /* ViewController.swift */,
				D3CE16D81DCDA15A00324C67 /* Main.storyboard */,
				D3CE16DB1DCDA15A00324C67 /* Assets.xcassets */,
				D3CE16DD1DCDA15A00324C67 /* LaunchScreen.storyboard */,
				D3CE16E01DCDA15A00324C67 /* Info.plist */,
			);
			path = SwiftCustomSegues;
			sourceTree = "<group>";
		};
/* End PBXGroup section */

/* Begin PBXNativeTarget section */
		D3CE16D01DCDA15A00324C67 /* SwiftCustomSegues */ = {
			isa = PBXNativeTarget;
			buildConfigurationList = D3CE16E31DCDA15A00324C67 /* Build configuration list for PBXNativeTarget "SwiftCustomSegues" */;
			buildPhases = (
				D3CE16CD1DCDA15A00324C67 /* Sources */,
				D3CE16CE1DCDA15A00324C67 /* Frameworks */,
				D3CE16CF1DCDA15A00324C67 /* Resources */,
			);
			buildRules = (
			);
			dependencies = (
			);
			name = SwiftCustomSegues;
			productName = SwiftCustomSegues;
			productReference = D3CE16D11DCDA15A00324C67 /* SwiftCustomSegues.app */;
			productType = "com.apple.product-type.application";
		};
/* End PBXNativeTarget section */

/* Begin PBXProject section */
		D3CE16C91DCDA15A00324C67 /* Project object */ = {
			isa = PBXProject;
			attributes = {
				LastSwiftUpdateCheck = 0730;
				LastUpgradeCheck = 0730;
				ORGANIZATIONNAME = Seimith;
				TargetAttributes = {
					D3CE16D01DCDA15A00324C67 = {
						CreatedOnToolsVersion = 7.3.1;
					};
				};
			};
			buildConfigurationList = D3CE16CC1DCDA15A00324C67 /* Build configuration list for PBXProject "SwiftCustomSegues" */;
			compatibilityVersion = "Xcode 3.2";
			developmentRegion = English;
			hasScannedForEncodings = 0;
			knownRegions = (
				en,
				Base,
			);
			mainGroup = D3CE16C81DCDA15A00324C67;
			productRefGroup = D3CE16D21DCDA15A00324C67 /* Products */;
			projectDirPath = "";
			projectRoot = "";
			targets = (
				D3CE16D01DCDA15A00324C67 /* SwiftCustomSegues */,
			);
		};
/* End PBXProject section */

/* Begin PBXResourcesBuildPhase section */
		D3CE16CF1DCDA15A00324C67 /* Resources */ = {
			isa = PBXResourcesBuildPhase;
			buildActionMask = 2147483647;
			files = (
				D3CE16DF1DCDA15A00324C67 /* LaunchScreen.storyboard in Resources */,
				D3CE16DC1DCDA15A00324C67 /* Assets.xcassets in Resources */,
				D3CE16DA1DCDA15A00324C67 /* Main.storyboard in Resources */,
			);
			runOnlyForDeploymentPostprocessing = 0;
		};
/* End PBXResourcesBuildPhase section */

/* Begin PBXSourcesBuildPhase section */
		D3CE16CD1DCDA15A00324C67 /* Sources */ = {
			isa = PBXSourcesBuildPhase;
			buildActionMask = 2147483647;
			files = (
				D3CE16D71DCDA15A00324C67 /* ViewController.swift in Sources */,
				D3CE16D51DCDA15A00324C67 /* AppDelegate.swift in Sources */,
			);
			runOnlyForDeploymentPostprocessing = 0;
		};
/* End PBXSourcesBuildPhase section */

/* Begin PBXVariantGroup section */
		D3CE16D81DCDA15A00324C67 /* Main.storyboard */ = {
			isa = PBXVariantGroup;
			children = (
				D3CE16D91DCDA15A00324C67 /* Base */,
			);
			name = Main.storyboard;
			sourceTree = "<group>";
		};
		D3CE16DD1DCDA15A00324C67 /* LaunchScreen.storyboard */ = {
			isa = PBXVariantGroup;
			children = (
				D3CE16DE1DCDA15A00324C67 /* Base */,
			);
			name = LaunchScreen.storyboard;
			sourceTree = "<group>";
		};
/* End PBXVariantGroup section */

/* Begin XCBuildConfiguration section */
		D3CE16E11DCDA15A00324C67 /* Debug */ = {
			isa = XCBuildConfiguration;
			buildSettings = {
				ALWAYS_SEARCH_USER_PATHS = NO;
				CLANG_ANALYZER_NONNULL = YES;
				CLANG_CXX_LANGUAGE_STANDARD = "gnu++0x";
				CLANG_CXX_LIBRARY = "libc++";
				CLANG_ENABLE_MODULES = YES;
				CLANG_ENABLE_OBJC_ARC = YES;
				CLANG_WARN_BOOL_CONVERSION = YES;
				CLANG_WARN_CONSTANT_CONVERSION = YES;
				CLANG_WARN_DIRECT_OBJC_ISA_USAGE = YES_ERROR;
				CLANG_WARN_EMPTY_BODY = YES;
				CLANG_WARN_ENUM_CONVERSION = YES;
				CLANG_WARN_INT_CONVERSION = YES;
				CLANG_WARN_OBJC_ROOT_CLASS = YES_ERROR;
				CLANG_WARN_UNREACHABLE_CODE = YES;
				CLANG_WARN__DUPLICATE_METHOD_MATCH = YES;
				"CODE_SIGN_IDENTITY[sdk=iphoneos*]" = "iPhone Developer";
				COPY_PHASE_STRIP = NO;
				DEBUG_INFORMATION_FORMAT = dwarf;
				ENABLE_STRICT_OBJC_MSGSEND = YES;
				ENABLE_TESTABILITY = YES;
				GCC_C_LANGUAGE_STANDARD = gnu99;
				GCC_DYNAMIC_NO_PIC = NO;
				GCC_NO_COMMON_BLOCKS = YES;
				GCC_OPTIMIZATION_LEVEL = 0;
				GCC_PREPROCESSOR_DEFINITIONS = (
					"DEBUG=1",
					"$(inherited)",
				);
				GCC_WARN_64_TO_32_BIT_CONVERSION = YES;
				GCC_WARN_ABOUT_RETURN_TYPE = YES_ERROR;
				GCC_WARN_UNDECLARED_SELECTOR = YES;
				GCC_WARN_UNINITIALIZED_AUTOS = YES_AGGRESSIVE;
				GCC_WARN_UNUSED_FUNCTION = YES;
				GCC_WARN_UNUSED_VARIABLE = YES;
				IPHONEOS_DEPLOYMENT_TARGET = 9.3;
				MTL_ENABLE_DEBUG_INFO = YES;
				ONLY_ACTIVE_ARCH = YES;
				SDKROOT = iphoneos;
				SWIFT_OPTIMIZATION_LEVEL = "-Onone";
				TARGETED_DEVICE_FAMILY = "1,2";
			};
			name = Debug;
		};
		D3CE16E21DCDA15A00324C67 /* Release */ = {
			isa = XCBuildConfiguration;
			buildSettings = {
				ALWAYS_SEARCH_USER_PATHS = NO;
				CLANG_ANALYZER_NONNULL = YES;
				CLANG_CXX_LANGUAGE_STANDARD = "gnu++0x";
				CLANG_CXX_LIBRARY = "libc++";
				CLANG_ENABLE_MODULES = YES;
				CLANG_ENABLE_OBJC_ARC = YES;
				CLANG_WARN_BOOL_CONVERSION = YES;
				CLANG_WARN_CONSTANT_CONVERSION = YES;
				CLANG_WARN_DIRECT_OBJC_ISA_USAGE = YES_ERROR;
				CLANG_WARN_EMPTY_BODY = YES;
				CLANG_WARN_ENUM_CONVERSION = YES;
				CLANG_WARN_INT_CONVERSION = YES;
				CLANG_WARN_OBJC_ROOT_CLASS = YES_ERROR;
				CLANG_WARN_UNREACHABLE_CODE = YES;
				CLANG_WARN__DUPLICATE_METHOD_MATCH = YES;
				"CODE_SIGN_IDENTITY[sdk=iphoneos*]" = "iPhone Developer";
				COPY_PHASE_STRIP = NO;
				DEBUG_INFORMATION_FORMAT = "dwarf-with-dsym";
				ENABLE_NS_ASSERTIONS = NO;
				ENABLE_STRICT_OBJC_MSGSEND = YES;
				GCC_C_LANGUAGE_STANDARD = gnu99;
				GCC_NO_COMMON_BLOCKS = YES;
				GCC_WARN_64_TO_32_BIT_CONVERSION = YES;
				GCC_WARN_ABOUT_RETURN_TYPE = YES_ERROR;
				GCC_WARN_UNDECLARED_SELECTOR = YES;
				GCC_WARN_UNINITIALIZED_AUTOS = YES_AGGRESSIVE;
				GCC_WARN_UNUSED_FUNCTION = YES;
				GCC_WARN_UNUSED_VARIABLE = YES;
				IPHONEOS_DEPLOYMENT_TARGET = 9.3;
				MTL_ENABLE_DEBUG_INFO = NO;
				SDKROOT = iphoneos;
				TARGETED_DEVICE_FAMILY = "1,2";
				VALIDATE_PRODUCT = YES;
			};
			name = Release;
		};
		D3CE16E41DCDA15A00324C67 /* Debug */ = {
			isa = XCBuildConfiguration;
			buildSettings = {
				ASSETCATALOG_COMPILER_APPICON_NAME = AppIcon;
				INFOPLIST_FILE = SwiftCustomSegues/Info.plist;
				LD_RUNPATH_SEARCH_PATHS = "$(inherited) @executable_path/Frameworks";
				PRODUCT_BUNDLE_IDENTIFIER = com.seimith.SwiftCustomSegues;
				PRODUCT_NAME = "$(TARGET_NAME)";
			};
			name = Debug;
		};
		D3CE16E51DCDA15A00324C67 /* Release */ = {
			isa = XCBuildConfiguration;
			buildSettings = {
				ASSETCATALOG_COMPILER_APPICON_NAME = AppIcon;
				INFOPLIST_FILE = SwiftCustomSegues/Info.plist;
				LD_RUNPATH_SEARCH_PATHS = "$(inherited) @executable_path/Frameworks";
				PRODUCT_BUNDLE_IDENTIFIER = com.seimith.SwiftCustomSegues;
				PRODUCT_NAME = "$(TARGET_NAME)";
			};
			name = Release;
		};
/* End XCBuildConfiguration section */

/* Begin XCConfigurationList section */
		D3CE16CC1DCDA15A00324C67 /* Build configuration list for PBXProject "SwiftCustomSegues" */ = {
			isa = XCConfigurationList;
			buildConfigurations = (
				D3CE16E11DCDA15A00324C67 /* Debug */,
				D3CE16E21DCDA15A00324C67 /* Release */,
			);
			defaultConfigurationIsVisible = 0;
			defaultConfigurationName = Release;
		};
		D3CE16E31DCDA15A00324C67 /* Build configuration list for PBXNativeTarget "SwiftCustomSegues" */ = {
			isa = XCConfigurationList;
			buildConfigurations = (
				D3CE16E41DCDA15A00324C67 /* Debug */,
				D3CE16E51DCDA15A00324C67 /* Release */,
			);
			defaultConfigurationIsVisible = 0;
		};
/* End XCConfigurationList section */
	};
	rootObject = D3CE16C91DCDA15A00324C67 /* Project object */;
}
